
Microsoft Visual Studio Solution File, Format Version 12.00
# Visual Studio Version 16
VisualStudioVersion = 16.0.29519.181
MinimumVisualStudioVersion = 10.0.40219.1
Project("{FAE04EC0-301F-11D3-BF4B-00C04F79EFBC}") = "MetroFramework", "MetroFramework\MetroFramework.csproj", "{BB41AC8B-CBED-4387-A7E0-4567EDB3F57F}"
EndProject
Project("{FAE04EC0-301F-11D3-BF4B-00C04F79EFBC}") = "MetroFramework.Demo", "MetroFramework.Demo\MetroFramework.Demo.csproj", "{AF988819-4618-4852-9506-C1D06D04F6B2}"
EndProject
Global
	GlobalSection(SolutionConfigurationPlatforms) = preSolution
		Debug|Any CPU = Debug|Any CPU
		Release|Any CPU = Release|Any CPU
	EndGlobalSection
	GlobalSection(ProjectConfigurationPlatforms) = postSolution
		{BB41AC8B-CBED-4387-A7E0-4567EDB3F57F}.Debug|Any CPU.ActiveCfg = Debug|Any CPU
		{BB41AC8B-CBED-4387-A7E0-4567EDB3F57F}.Debug|Any CPU.Build.0 = Debug|Any CPU
		{BB41AC8B-CBED-4387-A7E0-4567EDB3F57F}.Release|Any CPU.ActiveCfg = Release|Any CPU
		{BB41AC8B-CBED-4387-A7E0-4567EDB3F57F}.Release|Any CPU.Build.0 = Release|Any CPU
		{AF988819-4618-4852-9506-C1D06D04F6B2}.Debug|Any CPU.ActiveCfg = Debug|Any CPU
		{AF988819-4618-4852-9506-C1D06D04F6B2}.Debug|Any CPU.Build.0 = Debug|Any CPU
		{AF988819-4618-4852-9506-C1D06D04F6B2}.Release|Any CPU.ActiveCfg = Release|Any CPU
		{AF988819-4618-4852-9506-C1D06D04F6B2}.Release|Any CPU.Build.0 = Release|Any CPU
	EndGlobalSection
	GlobalSection(SolutionProperties) = preSolution
		HideSolutionNode = FALSE
	EndGlobalSection
	GlobalSection(ExtensibilityGlobals) = postSolution
		SolutionGuid = {0326C665-B656-4F97-90AD-852A55F858E2}
	EndGlobalSection
EndGlobal
